<Solution>
  <Folder Name="/src/">
    <Project Path="src/DotnetArchitecture.Application/DotnetArchitecture.Application.csproj" />
    <Project Path="src/DotnetArchitecture.Domain/DotnetArchitecture.Domain.csproj" />
    <Project Path="src/DotnetArchitecture.Persistence/DotnetArchitecture.Persistence.csproj" />
    <Project Path="src/DotnetArchitecture.WebApi/DotnetArchitecture.WebApi.csproj" />
  </Folder>
</Solution>
